{
  "nodes": {
    "caelestia-cli": {
      "inputs": {
        "caelestia-shell": [
          "caelestia-shell"
        ],
        "nixpkgs": [
          "caelestia-shell",
          "nixpkgs"
        ]
      },
      "locked": {
        "lastModified": 1772764582,
        "narHash": "sha256-hSwjmpXHFqzSXrndVekA0IheKrbC7wi0IbfZTYwlmXw=",
        "owner": "caelestia-dots",
        "repo": "cli",
        "rev": "4bcd42f482d038b98145b0b03388244b68b7d35d",
        "type": "github"
      },
      "original": {
        "owner": "caelestia-dots",
        "repo": "cli",
        "type": "github"
      }
    },
    "caelestia-shell": {
      "inputs": {
        "caelestia-cli": "caelestia-cli",
        "nixpkgs": [
          "nixpkgs"
        ],
        "quickshell": "quickshell"
      },
      "locked": {
        "lastModified": 1776593033,
        "narHash": "sha256-7wAZXYzwEDqTZV4gZkQBffj7eDUQjnmF59c3GYb0m2I=",
        "owner": "caelestia-dots",
        "repo": "shell",
        "rev": "31c484b041fdc686d37b81005750c3b880734cc9",
        "type": "github"
      },
      "original": {
        "owner": "caelestia-dots",
        "repo": "shell",
        "type": "github"
      }
    },
    "dolphin-overlay": {
      "inputs": {
        "nixpkgs": "nixpkgs"
      },
      "locked": {
        "lastModified": 1775943689,
        "narHash": "sha256-0XBCoR1L5gYmh8VqZu0HcHsL4GeGXQMC0f3ARshf/rk=",
        "owner": "rumboon",
        "repo": "dolphin-overlay",
        "rev": "c32758737a0cb02d0bf380753d11df1b8537a944",
        "type": "github"
      },
      "original": {
        "owner": "rumboon",
        "repo": "dolphin-overlay",
        "type": "github"
      }
    },
    "home-manager": {
      "inputs": {
        "nixpkgs": [
          "nixpkgs"
        ]
      },
      "locked": {
        "lastModified": 1776562531,
        "narHash": "sha256-Lh5Ns9DI67E+lSMOCGK0S+mFPy0mz0yOGiJTUXiR9JI=",
        "owner": "nix-community",
        "repo": "home-manager",
        "rev": "5b56ad02dc643808b8af6d5f3ff179e2ce9593f4",
        "type": "github"
      },
      "original": {
        "owner": "nix-community",
        "repo": "home-manager",
        "type": "github"
      }
    },
    "nixpkgs": {
      "locked": {
        "lastModified": 1743890059,
        "narHash": "sha256-QQLhHHGNtAW8qRpseb40zqZlhZUeRRUg2SGmXjfE+so=",
        "owner": "NixOS",
        "repo": "nixpkgs",
        "rev": "58a813438464b5295170efe38d8bd5f40fcc1d23",
        "type": "github"
      },
      "original": {
        "owner": "NixOS",
        "repo": "nixpkgs",
        "type": "github"
      }
    },
    "nixpkgs_2": {
      "locked": {
        "lastModified": 1776169885,
        "narHash": "sha256-l/iNYDZ4bGOAFQY2q8y5OAfBBtrDAaPuRQqWaFHVRXM=",
        "owner": "nixos",
        "repo": "nixpkgs",
        "rev": "4bd9165a9165d7b5e33ae57f3eecbcb28fb231c9",
        "type": "github"
      },
      "original": {
        "owner": "nixos",
        "ref": "nixos-unstable",
        "repo": "nixpkgs",
        "type": "github"
      }
    },
    "nixpkgs_3": {
      "locked": {
        "lastModified": 1776169885,
        "narHash": "sha256-Gk2T0tDDDAs319hp/ak+bAIUG5bPMvnNEjPV8CS86Fg=",
        "rev": "4bd9165a9165d7b5e33ae57f3eecbcb28fb231c9",
        "type": "tarball",
        "url": "https://releases.nixos.org/nixos/unstable/nixos-26.05pre980183.4bd9165a9165/nixexprs.tar.xz"
      },
      "original": {
        "type": "tarball",
        "url": "https://channels.nixos.org/nixos-unstable/nixexprs.tar.xz"
      }
    },
    "quickshell": {
      "inputs": {
        "nixpkgs": [
          "caelestia-shell",
          "nixpkgs"
        ]
      },
      "locked": {
        "lastModified": 1772925576,
        "narHash": "sha256-mMoiXABDtkSJxCYDrkhJ/TrrJf5M46oUfIlJvv2gkZ0=",
        "ref": "refs/heads/master",
        "rev": "15a84097653593dd15fad59a56befc2b7bdc270d",
        "revCount": 750,
        "type": "git",
        "url": "https://git.outfoxxed.me/outfoxxed/quickshell"
      },
      "original": {
        "type": "git",
        "url": "https://git.outfoxxed.me/outfoxxed/quickshell"
      }
    },
    "root": {
      "inputs": {
        "caelestia-shell": "caelestia-shell",
        "dolphin-overlay": "dolphin-overlay",
        "home-manager": "home-manager",
        "nixpkgs": "nixpkgs_2",
        "spicetify-nix": "spicetify-nix"
      }
    },
    "spicetify-nix": {
      "inputs": {
        "nixpkgs": "nixpkgs_3",
        "systems": "systems"
      },
      "locked": {
        "lastModified": 1776578704,
        "narHash": "sha256-4+JHYCweZ/SSrMcu2nJ5gc7gop2scBk0JIIfaUKuTaQ=",
        "owner": "Gerg-L",
        "repo": "spicetify-nix",
        "rev": "73f6d24b4f5bdacc3b41ddcf9965bef2781f97dd",
        "type": "github"
      },
      "original": {
        "owner": "Gerg-L",
        "repo": "spicetify-nix",
        "type": "github"
      }
    },
    "systems": {
      "locked": {
        "lastModified": 1681028828,
        "narHash": "sha256-Vy1rq5AaRuLzOxct8nz4T6wlgyUR7zLU309k9mBC768=",
        "owner": "nix-systems",
        "repo": "default",
        "rev": "da67096a3b9bf56a91d16901293e51ba5b49a27e",
        "type": "github"
      },
      "original": {
        "owner": "nix-systems",
        "repo": "default",
        "type": "github"
      }
    }
  },
  "root": "root",
  "version": 7
}
